
Microsoft Visual Studio Solution File, Format Version 12.00
# Visual Studio 15
VisualStudioVersion = 15.0.27130.2036
MinimumVisualStudioVersion = 10.0.40219.1
Project("{FAE04EC0-301F-11D3-BF4B-00C04F79EFBC}") = "Anna_Baseley_Lab2", "Anna_Baseley_Lab2\Anna_Baseley_Lab2.csproj", "{AAE397A5-2D20-4FC2-97CE-63C2F0EEC732}"
EndProject
Global
	GlobalSection(SolutionConfigurationPlatforms) = preSolution
		Debug|Any CPU = Debug|Any CPU
		Release|Any CPU = Release|Any CPU
	EndGlobalSection
	GlobalSection(ProjectConfigurationPlatforms) = postSolution
		{AAE397A5-2D20-4FC2-97CE-63C2F0EEC732}.Debug|Any CPU.ActiveCfg = Debug|Any CPU
		{AAE397A5-2D20-4FC2-97CE-63C2F0EEC732}.Debug|Any CPU.Build.0 = Debug|Any CPU
		{AAE397A5-2D20-4FC2-97CE-63C2F0EEC732}.Release|Any CPU.ActiveCfg = Release|Any CPU
		{AAE397A5-2D20-4FC2-97CE-63C2F0EEC732}.Release|Any CPU.Build.0 = Release|Any CPU
	EndGlobalSection
	GlobalSection(SolutionProperties) = preSolution
		HideSolutionNode = FALSE
	EndGlobalSection
	GlobalSection(ExtensibilityGlobals) = postSolution
		SolutionGuid = {63E01088-9FC0-4398-8CBF-F4796B966338}
	EndGlobalSection
EndGlobal
